
Microsoft Visual Studio Solution File, Format Version 12.00
# Visual Studio Version 17
VisualStudioVersion = 17.0.31903.59
MinimumVisualStudioVersion = 10.0.40219.1
Project("{FAE04EC0-301F-11D3-BF4B-00C04F79EFBC}") = "GitFuzz", "GitFuzz\GitFuzz.csproj", "{0E71565E-D725-4E95-AF3F-F2BE1E2C8B53}"
EndProject
Project("{FAE04EC0-301F-11D3-BF4B-00C04F79EFBC}") = "GitFuzz.Tests", "GitFuzz.Tests\GitFuzz.Tests.csproj", "{98423D3D-281B-45EF-B4BF-53C76B8541BD}"
EndProject
Global
	GlobalSection(SolutionConfigurationPlatforms) = preSolution
		Debug|Any CPU = Debug|Any CPU
		Release|Any CPU = Release|Any CPU
	EndGlobalSection
	GlobalSection(SolutionProperties) = preSolution
		HideSolutionNode = FALSE
	EndGlobalSection
	GlobalSection(ProjectConfigurationPlatforms) = postSolution
		{0E71565E-D725-4E95-AF3F-F2BE1E2C8B53}.Debug|Any CPU.ActiveCfg = Debug|Any CPU
		{0E71565E-D725-4E95-AF3F-F2BE1E2C8B53}.Debug|Any CPU.Build.0 = Debug|Any CPU
		{0E71565E-D725-4E95-AF3F-F2BE1E2C8B53}.Release|Any CPU.ActiveCfg = Release|Any CPU
		{0E71565E-D725-4E95-AF3F-F2BE1E2C8B53}.Release|Any CPU.Build.0 = Release|Any CPU
		{98423D3D-281B-45EF-B4BF-53C76B8541BD}.Debug|Any CPU.ActiveCfg = Debug|Any CPU
		{98423D3D-281B-45EF-B4BF-53C76B8541BD}.Debug|Any CPU.Build.0 = Debug|Any CPU
		{98423D3D-281B-45EF-B4BF-53C76B8541BD}.Release|Any CPU.ActiveCfg = Release|Any CPU
		{98423D3D-281B-45EF-B4BF-53C76B8541BD}.Release|Any CPU.Build.0 = Release|Any CPU
	EndGlobalSection
EndGlobal
